
Microsoft Visual Studio Solution File, Format Version 12.00
# Visual Studio Version 17
VisualStudioVersion = 17.10.35013.160
MinimumVisualStudioVersion = 10.0.40219.1
Project("{FAE04EC0-301F-11D3-BF4B-00C04F79EFBC}") = "bbs", "bbs.csproj", "{94BA1AF2-29AB-4FB0-A140-42601527DA9E}"
EndProject
Global
	GlobalSection(SolutionConfigurationPlatforms) = preSolution
		Debug|Any CPU = Debug|Any CPU
		Release|Any CPU = Release|Any CPU
	EndGlobalSection
	GlobalSection(ProjectConfigurationPlatforms) = postSolution
		{94BA1AF2-29AB-4FB0-A140-42601527DA9E}.Debug|Any CPU.ActiveCfg = Debug|Any CPU
		{94BA1AF2-29AB-4FB0-A140-42601527DA9E}.Debug|Any CPU.Build.0 = Debug|Any CPU
		{94BA1AF2-29AB-4FB0-A140-42601527DA9E}.Release|Any CPU.ActiveCfg = Release|Any CPU
		{94BA1AF2-29AB-4FB0-A140-42601527DA9E}.Release|Any CPU.Build.0 = Release|Any CPU
	EndGlobalSection
	GlobalSection(SolutionProperties) = preSolution
		HideSolutionNode = FALSE
	EndGlobalSection
	GlobalSection(ExtensibilityGlobals) = postSolution
		SolutionGuid = {F52774EF-7FBD-4E56-A2CE-A45C8A2CCE4D}
	EndGlobalSection
EndGlobal
